{
    "_meta": {
        "hash": {
            "sha256": "3936ab57c24c1293859b52f7dbea75f2587070245f98248949c0edd77d256ef8"
        },
        "pipfile-spec": 6,
        "requires": {
            "python_version": "3.7"
        },
        "sources": [
            {
                "name": "pypi",
                "url": "https://pypi.org/simple",
                "verify_ssl": true
            }
        ]
    },
    "default": {
        "autopep8": {
            "hashes": [
                "sha256:4d8eec30cc81bc5617dbf1218201d770dc35629363547f17577c61683ccfb3ee"
            ],
            "index": "pypi",
            "version": "==1.4.4"
        },
        "certifi": {
            "hashes": [
                "sha256:e4f3620cfea4f83eedc95b24abd9cd56f3c4b146dd0177e83a21b4eb49e21e50",
                "sha256:fd7c7c74727ddcf00e9acd26bba8da604ffec95bf1c2144e67aff7a8b50e6cef"
            ],
            "index": "pypi",
            "version": "==2019.9.11"
        },
        "chardet": {
            "hashes": [
                "sha256:84ab92ed1c4d4f16916e05906b6b75a6c0fb5db821cc65e70cbd64a3e2a5eaae",
                "sha256:fc323ffcaeaed0e0a02bf4d117757b98aed530d9ed4531e3e15460124c106691"
            ],
            "index": "pypi",
            "version": "==3.0.4"
        },
        "coverage": {
            "hashes": [
                "sha256:08907593569fe59baca0bf152c43f3863201efb6113ecb38ce7e97ce339805a6",
                "sha256:0be0f1ed45fc0c185cfd4ecc19a1d6532d72f86a2bac9de7e24541febad72650",
                "sha256:141f08ed3c4b1847015e2cd62ec06d35e67a3ac185c26f7635f4406b90afa9c5",
                "sha256:19e4df788a0581238e9390c85a7a09af39c7b539b29f25c89209e6c3e371270d",
                "sha256:23cc09ed395b03424d1ae30dcc292615c1372bfba7141eb85e11e50efaa6b351",
                "sha256:245388cda02af78276b479f299bbf3783ef0a6a6273037d7c60dc73b8d8d7755",
                "sha256:331cb5115673a20fb131dadd22f5bcaf7677ef758741312bee4937d71a14b2ef",
                "sha256:386e2e4090f0bc5df274e720105c342263423e77ee8826002dcffe0c9533dbca",
                "sha256:3a794ce50daee01c74a494919d5ebdc23d58873747fa0e288318728533a3e1ca",
                "sha256:60851187677b24c6085248f0a0b9b98d49cba7ecc7ec60ba6b9d2e5574ac1ee9",
                "sha256:63a9a5fc43b58735f65ed63d2cf43508f462dc49857da70b8980ad78d41d52fc",
                "sha256:6b62544bb68106e3f00b21c8930e83e584fdca005d4fffd29bb39fb3ffa03cb5",
                "sha256:6ba744056423ef8d450cf627289166da65903885272055fb4b5e113137cfa14f",
                "sha256:7494b0b0274c5072bddbfd5b4a6c6f18fbbe1ab1d22a41e99cd2d00c8f96ecfe",
                "sha256:826f32b9547c8091679ff292a82aca9c7b9650f9fda3e2ca6bf2ac905b7ce888",
                "sha256:93715dffbcd0678057f947f496484e906bf9509f5c1c38fc9ba3922893cda5f5",
                "sha256:9a334d6c83dfeadae576b4d633a71620d40d1c379129d587faa42ee3e2a85cce",
                "sha256:af7ed8a8aa6957aac47b4268631fa1df984643f07ef00acd374e456364b373f5",
                "sha256:bf0a7aed7f5521c7ca67febd57db473af4762b9622254291fbcbb8cd0ba5e33e",
                "sha256:bf1ef9eb901113a9805287e090452c05547578eaab1b62e4ad456fcc049a9b7e",
                "sha256:c0afd27bc0e307a1ffc04ca5ec010a290e49e3afbe841c5cafc5c5a80ecd81c9",
                "sha256:dd579709a87092c6dbee09d1b7cfa81831040705ffa12a1b248935274aee0437",
                "sha256:df6712284b2e44a065097846488f66840445eb987eb81b3cc6e4149e7b6982e1",
                "sha256:e07d9f1a23e9e93ab5c62902833bf3e4b1f65502927379148b6622686223125c",
                "sha256:e2ede7c1d45e65e209d6093b762e98e8318ddeff95317d07a27a2140b80cfd24",
                "sha256:e4ef9c164eb55123c62411f5936b5c2e521b12356037b6e1c2617cef45523d47",
                "sha256:eca2b7343524e7ba246cab8ff00cab47a2d6d54ada3b02772e908a45675722e2",
                "sha256:eee64c616adeff7db37cc37da4180a3a5b6177f5c46b187894e633f088fb5b28",
                "sha256:ef824cad1f980d27f26166f86856efe11eff9912c4fed97d3804820d43fa550c",
                "sha256:efc89291bd5a08855829a3c522df16d856455297cf35ae827a37edac45f466a7",
                "sha256:fa964bae817babece5aa2e8c1af841bebb6d0b9add8e637548809d040443fee0",
                "sha256:ff37757e068ae606659c28c3bd0d923f9d29a85de79bf25b2b34b148473b5025"
            ],
            "index": "pypi",
            "version": "==4.5.4"
        },
        "defusedxml": {
            "hashes": [
                "sha256:6687150770438374ab581bb7a1b327a847dd9c5749e396102de3fad4e8a3ef93",
                "sha256:f684034d135af4c6cbb949b8a4d2ed61634515257a67299e5f940fbaa34377f5"
            ],
            "markers": "python_version >= '3.0'",
            "version": "==0.6.0"
        },
        "dj-database-url": {
            "hashes": [
                "sha256:4aeaeb1f573c74835b0686a2b46b85990571159ffc21aa57ecd4d1e1cb334163",
                "sha256:851785365761ebe4994a921b433062309eb882fedd318e1b0fcecc607ed02da9"
            ],
            "index": "pypi",
            "version": "==0.5.0"
        },
        "django": {
            "hashes": [
                "sha256:148a4a2d1a85b23883b0a4e99ab7718f518a83675e4485e44dc0c1d36988c5fa",
                "sha256:deb70aa038e59b58593673b15e9a711d1e5ccd941b5973b30750d5d026abfd56"
            ],
            "index": "pypi",
            "version": "==2.2.5"
        },
        "django-allauth": {
            "hashes": [
                "sha256:6a189fc4d3ee23596c3fd6e9f49c59b5b15618980118171a50675dd6a27cc589"
            ],
            "index": "pypi",
            "version": "==0.40.0"
        },
        "django-heroku": {
            "hashes": [
                "sha256:2bc690aab89eedbe01311752320a9a12e7548e3b0ed102681acc5736a41a4762",
                "sha256:6af4bc3ae4a9b55eaad6dbe5164918982d2762661aebc9f83d9fa49f6009514e"
            ],
            "index": "pypi",
            "version": "==0.3.1"
        },
        "gunicorn": {
            "hashes": [
                "sha256:0806b5e8a2eb8ba9ac1be65d7b743ec896fc25f5d6cb16c5e051540157b315bb",
                "sha256:ef69dea4814df95e64e3f40b47b7ffedc6911c5009233be9d01cfd0d14aa3f50"
            ],
            "index": "pypi",
            "version": "==20.0.0"
        },
        "idna": {
            "hashes": [
                "sha256:c357b3f628cf53ae2c4c05627ecc484553142ca23264e593d327bcde5e9c3407",
                "sha256:ea8b7f6188e6fa117537c3df7da9fc686d485087abf6ac197f9c46432f7e4a3c"
            ],
            "index": "pypi",
            "version": "==2.8"
        },
        "oauthlib": {
            "hashes": [
                "sha256:bee41cc35fcca6e988463cacc3bcb8a96224f470ca547e697b604cc697b2f889",
                "sha256:df884cd6cbe20e32633f1db1072e9356f53638e4361bef4e8b03c9127c9328ea"
            ],
            "index": "pypi",
            "version": "==3.1.0"
        },
        "optional-django": {
            "hashes": [
                "sha256:2cd56b864ecf88e420aa882209ca7849114f38bc7089344cc9e476ea91aeb010"
            ],
            "index": "pypi",
            "version": "==0.3.0"
        },
        "pep8": {
            "hashes": [
                "sha256:b22cfae5db09833bb9bd7c8463b53e1a9c9b39f12e304a8d0bba729c501827ee",
                "sha256:fe249b52e20498e59e0b5c5256aa52ee99fc295b26ec9eaa85776ffdb9fe6374"
            ],
            "index": "pypi",
            "version": "==1.7.1"
        },
        "pillow": {
            "hashes": [
                "sha256:051de330a06c99d6f84bcf582960487835bcae3fc99365185dc2d4f65a390c0e",
                "sha256:0ae5289948c5e0a16574750021bd8be921c27d4e3527800dc9c2c1d2abc81bf7",
                "sha256:0b1efce03619cdbf8bcc61cfae81fcda59249a469f31c6735ea59badd4a6f58a",
                "sha256:163136e09bd1d6c6c6026b0a662976e86c58b932b964f255ff384ecc8c3cefa3",
                "sha256:18e912a6ccddf28defa196bd2021fe33600cbe5da1aa2f2e2c6df15f720b73d1",
                "sha256:24ec3dea52339a610d34401d2d53d0fb3c7fd08e34b20c95d2ad3973193591f1",
                "sha256:267f8e4c0a1d7e36e97c6a604f5b03ef58e2b81c1becb4fccecddcb37e063cc7",
                "sha256:3273a28734175feebbe4d0a4cde04d4ed20f620b9b506d26f44379d3c72304e1",
                "sha256:4c678e23006798fc8b6f4cef2eaad267d53ff4c1779bd1af8725cc11b72a63f3",
                "sha256:4d4bc2e6bb6861103ea4655d6b6f67af8e5336e7216e20fff3e18ffa95d7a055",
                "sha256:505738076350a337c1740a31646e1de09a164c62c07db3b996abdc0f9d2e50cf",
                "sha256:5233664eadfa342c639b9b9977190d64ad7aca4edc51a966394d7e08e7f38a9f",
                "sha256:5d95cb9f6cced2628f3e4de7e795e98b2659dfcc7176ab4a01a8b48c2c2f488f",
                "sha256:7eda4c737637af74bac4b23aa82ea6fbb19002552be85f0b89bc27e3a762d239",
                "sha256:801ddaa69659b36abf4694fed5aa9f61d1ecf2daaa6c92541bbbbb775d97b9fe",
                "sha256:825aa6d222ce2c2b90d34a0ea31914e141a85edefc07e17342f1d2fdf121c07c",
                "sha256:9c215442ff8249d41ff58700e91ef61d74f47dfd431a50253e1a1ca9436b0697",
                "sha256:a3d90022f2202bbb14da991f26ca7a30b7e4c62bf0f8bf9825603b22d7e87494",
                "sha256:a631fd36a9823638fe700d9225f9698fb59d049c942d322d4c09544dc2115356",
                "sha256:a6523a23a205be0fe664b6b8747a5c86d55da960d9586db039eec9f5c269c0e6",
                "sha256:a756ecf9f4b9b3ed49a680a649af45a8767ad038de39e6c030919c2f443eb000",
                "sha256:b117287a5bdc81f1bac891187275ec7e829e961b8032c9e5ff38b70fd036c78f",
                "sha256:ba04f57d1715ca5ff74bb7f8a818bf929a204b3b3c2c2826d1e1cc3b1c13398c",
                "sha256:cd878195166723f30865e05d87cbaf9421614501a4bd48792c5ed28f90fd36ca",
                "sha256:cee815cc62d136e96cf76771b9d3eb58e0777ec18ea50de5cfcede8a7c429aa8",
                "sha256:d1722b7aa4b40cf93ac3c80d3edd48bf93b9208241d166a14ad8e7a20ee1d4f3",
                "sha256:d7c1c06246b05529f9984435fc4fa5a545ea26606e7f450bdbe00c153f5aeaad",
                "sha256:e9c8066249c040efdda84793a2a669076f92a301ceabe69202446abb4c5c5ef9",
                "sha256:f227d7e574d050ff3996049e086e1f18c7bd2d067ef24131e50a1d3fe5831fbc",
                "sha256:fc9a12aad714af36cf3ad0275a96a733526571e52710319855628f476dcb144e"
            ],
            "index": "pypi",
            "version": "==5.4.1"
        },
        "pipenv": {
            "hashes": [
                "sha256:56ad5f5cb48f1e58878e14525a6e3129d4306049cb76d2f6a3e95df0d5fc6330",
                "sha256:7df8e33a2387de6f537836f48ac6fcd94eda6ed9ba3d5e3fd52e35b5bc7ff49e",
                "sha256:a673e606e8452185e9817a987572b55360f4d28b50831ef3b42ac3cab3fee846"
            ],
            "index": "pypi",
            "version": "==2018.11.26"
        },
        "psycopg2": {
            "hashes": [
                "sha256:4212ca404c4445dc5746c0d68db27d2cbfb87b523fe233dc84ecd24062e35677",
                "sha256:47fc642bf6f427805daf52d6e52619fe0637648fe27017062d898f3bf891419d",
                "sha256:72772181d9bad1fa349792a1e7384dde56742c14af2b9986013eb94a240f005b",
                "sha256:8396be6e5ff844282d4d49b81631772f80dabae5658d432202faf101f5283b7c",
                "sha256:893c11064b347b24ecdd277a094413e1954f8a4e8cdaf7ffbe7ca3db87c103f0",
                "sha256:92a07dfd4d7c325dd177548c4134052d4842222833576c8391aab6f74038fc3f",
                "sha256:965c4c93e33e6984d8031f74e51227bd755376a9df6993774fd5b6fb3288b1f4",
                "sha256:9ab75e0b2820880ae24b7136c4d230383e07db014456a476d096591172569c38",
                "sha256:b0845e3bdd4aa18dc2f9b6fb78fbd3d9d371ad167fd6d1b7ad01c0a6cdad4fc6",
                "sha256:dca2d7203f0dfce8ea4b3efd668f8ea65cd2b35112638e488a4c12594015f67b",
                "sha256:ed686e5926929887e2c7ae0a700e32c6129abb798b4ad2b846e933de21508151",
                "sha256:ef6df7e14698e79c59c7ee7cf94cd62e5b869db369ed4b1b8f7b729ea825712a",
                "sha256:f898e5cc0a662a9e12bde6f931263a1bbd350cfb18e1d5336a12927851825bb6"
            ],
            "version": "==2.8.4"
        },
        "psycopg2-binary": {
            "hashes": [
                "sha256:040234f8a4a8dfd692662a8308d78f63f31a97e1c42d2480e5e6810c48966a29",
                "sha256:086f7e89ec85a6704db51f68f0dcae432eff9300809723a6e8782c41c2f48e03",
                "sha256:18ca813fdb17bc1db73fe61b196b05dd1ca2165b884dd5ec5568877cabf9b039",
                "sha256:19dc39616850342a2a6db70559af55b22955f86667b5f652f40c0e99253d9881",
                "sha256:2166e770cb98f02ed5ee2b0b569d40db26788e0bf2ec3ae1a0d864ea6f1d8309",
                "sha256:3a2522b1d9178575acee4adf8fd9f979f9c0449b00b4164bb63c3475ea6528ed",
                "sha256:3aa773580f85a28ffdf6f862e59cb5a3cc7ef6885121f2de3fca8d6ada4dbf3b",
                "sha256:3b5deaa3ee7180585a296af33e14c9b18c218d148e735c7accf78130765a47e3",
                "sha256:407af6d7e46593415f216c7f56ba087a9a42bd6dc2ecb86028760aa45b802bd7",
                "sha256:4c3c09fb674401f630626310bcaf6cd6285daf0d5e4c26d6e55ca26a2734e39b",
                "sha256:4c6717962247445b4f9e21c962ea61d2e884fc17df5ddf5e35863b016f8a1f03",
                "sha256:50446fae5681fc99f87e505d4e77c9407e683ab60c555ec302f9ac9bffa61103",
                "sha256:5057669b6a66aa9ca118a2a860159f0ee3acf837eda937bdd2a64f3431361a2d",
                "sha256:5dd90c5438b4f935c9d01fcbad3620253da89d19c1f5fca9158646407ed7df35",
                "sha256:659c815b5b8e2a55193ede2795c1e2349b8011497310bb936da7d4745652823b",
                "sha256:69b13fdf12878b10dc6003acc8d0abf3ad93e79813fd5f3812497c1c9fb9be49",
                "sha256:7a1cb80e35e1ccea3e11a48afe65d38744a0e0bde88795cc56a4d05b6e4f9d70",
                "sha256:7e6e3c52e6732c219c07bd97fff6c088f8df4dae3b79752ee3a817e6f32e177e",
                "sha256:7f42a8490c4fe854325504ce7a6e4796b207960dabb2cbafe3c3959cb00d1d7e",
                "sha256:84156313f258eafff716b2961644a4483a9be44a5d43551d554844d15d4d224e",
                "sha256:8578d6b8192e4c805e85f187bc530d0f52ba86c39172e61cd51f68fddd648103",
                "sha256:890167d5091279a27e2505ff0e1fb273f8c48c41d35c5b92adbf4af80e6b2ed6",
                "sha256:98e10634792ac0e9e7a92a76b4991b44c2325d3e7798270a808407355e7bb0a1",
                "sha256:9aadff9032e967865f9778485571e93908d27dab21d0fdfdec0ca779bb6f8ad9",
                "sha256:9f24f383a298a0c0f9b3113b982e21751a8ecde6615494a3f1470eb4a9d70e9e",
                "sha256:a73021b44813b5c84eda4a3af5826dd72356a900bac9bd9dd1f0f81ee1c22c2f",
                "sha256:afd96845e12638d2c44d213d4810a08f4dc4a563f9a98204b7428e567014b1cd",
                "sha256:b73ddf033d8cd4cc9dfed6324b1ad2a89ba52c410ef6877998422fcb9c23e3a8",
                "sha256:b8f490f5fad1767a1331df1259763b3bad7d7af12a75b950c2843ba319b2415f",
                "sha256:dbc5cd56fff1a6152ca59445178652756f4e509f672e49ccdf3d79c1043113a4",
                "sha256:eac8a3499754790187bb00574ab980df13e754777d346f85e0ff6df929bcd964",
                "sha256:eaed1c65f461a959284649e37b5051224f4db6ebdc84e40b5e65f2986f101a08"
            ],
            "index": "pypi",
            "version": "==2.8.4"
        },
        "pycodestyle": {
            "hashes": [
                "sha256:95a2219d12372f05704562a14ec30bc76b05a5b297b21a5dfe3f6fac3491ae56",
                "sha256:e40a936c9a450ad81df37f549d676d127b1b66000a6c500caa2b085bc0ca976c"
            ],
            "version": "==2.5.0"
        },
        "pyjwt": {
            "hashes": [
                "sha256:5c6eca3c2940464d106b99ba83b00c6add741c9becaec087fb7ccdefea71350e",
                "sha256:8d59a976fb773f3e6a39c85636357c4f0e242707394cadadd9814f5cbaa20e96"
            ],
            "version": "==1.7.1"
        },
        "python-dateutil": {
            "hashes": [
                "sha256:6f197348b46fb8cdf9f3fcfc2a7d5a97da95db3e2e8667cf657216274fe1b009"
            ],
            "index": "pypi",
            "version": "==1.5"
        },
        "python-decouple": {
            "hashes": [
                "sha256:1317df14b43efee4337a4aa02914bf004f010cd56d6c4bd894e6474ec8c4fe2d"
            ],
            "index": "pypi",
            "version": "==3.1"
        },
        "python-dotenv": {
            "hashes": [
                "sha256:debd928b49dbc2bf68040566f55cdb3252458036464806f4094487244e2a4093",
                "sha256:f157d71d5fec9d4bd5f51c82746b6344dffa680ee85217c123f4a0c8117c4544"
            ],
            "index": "pypi",
            "version": "==0.10.3"
        },
        "python3-openid": {
            "hashes": [
                "sha256:0086da6b6ef3161cfe50fb1ee5cceaf2cda1700019fda03c2c5c440ca6abe4fa",
                "sha256:628d365d687e12da12d02c6691170f4451db28d6d68d050007e4a40065868502"
            ],
            "markers": "python_version >= '3.0'",
            "version": "==3.1.0"
        },
        "pytz": {
            "hashes": [
                "sha256:1c557d7d0e871de1f5ccd5833f60fb2550652da6be2693c1e02300743d21500d",
                "sha256:b02c06db6cf09c12dd25137e563b31700d3b80fcc4ad23abb7a315f2789819be"
            ],
            "index": "pypi",
            "version": "==2019.3"
        },
        "requests": {
            "hashes": [
                "sha256:11e007a8a2aa0323f5a921e9e6a2d7e4e67d9877e85773fba9ba6419025cbeb4",
                "sha256:9cf5292fcd0f598c671cfc1e0d7d1a7f13bb8085e9a590f48c010551dc6c4b31"
            ],
            "index": "pypi",
            "version": "==2.22.0"
        },
        "requests-oauthlib": {
            "hashes": [
                "sha256:7f71572defaecd16372f9006f33c2ec8c077c3cfa6f5911a9a90202beb513f3d",
                "sha256:b4261601a71fd721a8bd6d7aa1cc1d6a8a93b4a9f5e96626f8e4d91e8beeaa6a"
            ],
            "index": "pypi",
            "version": "==1.3.0"
        },
        "six": {
            "hashes": [
                "sha256:1f1b7d42e254082a9db6279deae68afb421ceba6158efa6131de7b3003ee93fd",
                "sha256:30f610279e8b2578cab6db20741130331735c781b56053c59c4076da27f06b66"
            ],
            "index": "pypi",
            "version": "==1.13.0"
        },
        "social-auth-app-django": {
            "hashes": [
                "sha256:6d0dd18c2d9e71ca545097d57b44d26f59e624a12833078e8e52f91baf849778",
                "sha256:9237e3d7b6f6f59494c3b02e0cce6efc69c9d33ad9d1a064e3b2318bcbe89ae3",
                "sha256:f151396e5b16e2eee12cd2e211004257826ece24fc4ae97a147df386c1cd7082"
            ],
            "index": "pypi",
            "version": "==3.1.0"
        },
        "social-auth-core": {
            "hashes": [
                "sha256:47cd2458c8fefd02466b0c514643e02ad8b61d8b4b69f7573e80882e3a97b0f0",
                "sha256:8320666548a532eb158968eda542bbe1863682357c432d8c4e28034a7f1e3b58",
                "sha256:d81ed681e3c0722300b61a0792c5db5d21206793f95ca810f010c1cc931c8d89"
            ],
            "index": "pypi",
            "version": "==3.2.0"
        },
        "sqlparse": {
            "hashes": [
                "sha256:40afe6b8d4b1117e7dff5504d7a8ce07d9a1b15aeeade8a2d10f130a834f8177",
                "sha256:7c3dca29c022744e95b547e867cee89f4fce4373f3549ccd8797d8eb52cdb873"
            ],
            "version": "==0.3.0"
        },
        "urllib3": {
            "hashes": [
                "sha256:a8a318824cc77d1fd4b2bec2ded92646630d7fe8619497b142c84a9e6f5a7293",
                "sha256:f3c5fd51747d450d4dcf6f923c81f78f811aab8205fda64b0aba34a4e48b0745"
            ],
            "index": "pypi",
            "version": "==1.25.7"
        },
        "virtualenv-clone": {
            "hashes": [
                "sha256:532f789a5c88adf339506e3ca03326f20ee82fd08ee5586b44dc859b5b4468c5",
                "sha256:c88ae171a11b087ea2513f260cdac9232461d8e9369bcd1dc143fc399d220557"
            ],
            "version": "==0.5.3"
        },
        "whitenoise": {
            "hashes": [
                "sha256:22f79cf8f1f509639330f93886acaece8ec5ac5e9600c3b981d33c34e8a42dfd",
                "sha256:6dfea214b7c12efd689007abf9afa87a426586e9dbc051873ad2c8e535e2a1ac"
            ],
            "version": "==4.1.4"
        }
    },
    "develop": {
        "python-dotenv": {
            "hashes": [
                "sha256:debd928b49dbc2bf68040566f55cdb3252458036464806f4094487244e2a4093",
                "sha256:f157d71d5fec9d4bd5f51c82746b6344dffa680ee85217c123f4a0c8117c4544"
            ],
            "index": "pypi",
            "version": "==0.10.3"
        }
    }
}
